
Microsoft Visual Studio Solution File, Format Version 12.00
# Visual Studio Version 17
VisualStudioVersion = 17.2.32616.157
MinimumVisualStudioVersion = 10.0.40219.1
Project("{FAE04EC0-301F-11D3-BF4B-00C04F79EFBC}") = "CarCouto.API", "src\CarCouto.API\CarCouto.API.csproj", "{A7318526-BA0C-43AA-942F-4274EED3F64F}"
EndProject
Project("{FAE04EC0-301F-11D3-BF4B-00C04F79EFBC}") = "CarCouts.Dominio", "src\CarCouts.Dominio\CarCouts.Dominio.csproj", "{FD34F768-6C45-4AB8-8BCB-AB2176E75AEB}"
EndProject
Global
	GlobalSection(SolutionConfigurationPlatforms) = preSolution
		Debug|Any CPU = Debug|Any CPU
		Release|Any CPU = Release|Any CPU
	EndGlobalSection
	GlobalSection(ProjectConfigurationPlatforms) = postSolution
		{A7318526-BA0C-43AA-942F-4274EED3F64F}.Debug|Any CPU.ActiveCfg = Debug|Any CPU
		{A7318526-BA0C-43AA-942F-4274EED3F64F}.Debug|Any CPU.Build.0 = Debug|Any CPU
		{A7318526-BA0C-43AA-942F-4274EED3F64F}.Release|Any CPU.ActiveCfg = Release|Any CPU
		{A7318526-BA0C-43AA-942F-4274EED3F64F}.Release|Any CPU.Build.0 = Release|Any CPU
		{FD34F768-6C45-4AB8-8BCB-AB2176E75AEB}.Debug|Any CPU.ActiveCfg = Debug|Any CPU
		{FD34F768-6C45-4AB8-8BCB-AB2176E75AEB}.Debug|Any CPU.Build.0 = Debug|Any CPU
		{FD34F768-6C45-4AB8-8BCB-AB2176E75AEB}.Release|Any CPU.ActiveCfg = Release|Any CPU
		{FD34F768-6C45-4AB8-8BCB-AB2176E75AEB}.Release|Any CPU.Build.0 = Release|Any CPU
	EndGlobalSection
	GlobalSection(SolutionProperties) = preSolution
		HideSolutionNode = FALSE
	EndGlobalSection
	GlobalSection(ExtensibilityGlobals) = postSolution
		SolutionGuid = {5390AF0B-0E65-435E-94FB-DA02E94AB96B}
	EndGlobalSection
EndGlobal
